{
    "version": 3,
    "terraform_version": "0.11.1",
    "serial": 7,
    "lineage": "85e7f1c9-64d2-4153-9e5a-e56043fe35bc",
    "modules": [
        {
            "path": [
                "root"
            ],
            "outputs": {},
            "resources": {
                "aws_eip.nat": {
                    "type": "aws_eip",
                    "depends_on": [],
                    "primary": {
                        "id": "eipalloc-6335e85e",
                        "attributes": {
                            "association_id": "eipassoc-b93a8e86",
                            "domain": "vpc",
                            "id": "eipalloc-6335e85e",
                            "instance": "",
                            "network_interface": "eni-2174f311",
                            "private_ip": "10.0.1.12",
                            "public_ip": "34.243.7.75",
                            "vpc": "true"
                        },
                        "meta": {},
                        "tainted": false
                    },
                    "deposed": [],
                    "provider": "provider.aws"
                },
                "aws_elastic_beanstalk_application.app": {
                    "type": "aws_elastic_beanstalk_application",
                    "depends_on": [],
                    "primary": {
                        "id": "app",
                        "attributes": {
                            "description": "app",
                            "id": "app",
                            "name": "app"
                        },
                        "meta": {},
                        "tainted": false
                    },
                    "deposed": [],
                    "provider": "provider.aws"
                },
                "aws_iam_instance_profile.app-ec2-role": {
                    "type": "aws_iam_instance_profile",
                    "depends_on": [
                        "aws_iam_role.app-ec2-role"
                    ],
                    "primary": {
                        "id": "app-ec2-role",
                        "attributes": {
                            "arn": "arn:aws:iam::383951028483:instance-profile/app-ec2-role",
                            "id": "app-ec2-role",
                            "name": "app-ec2-role",
                            "path": "/",
                            "role": "app-ec2-role",
                            "roles.#": "1",
                            "roles.2540483669": "app-ec2-role",
                            "unique_id": "AIPAIKVW5DPMCO72UIAGG"
                        },
                        "meta": {},
                        "tainted": false
                    },
                    "deposed": [],
                    "provider": "provider.aws"
                },
                "aws_iam_policy_attachment.app-attach1": {
                    "type": "aws_iam_policy_attachment",
                    "depends_on": [
                        "aws_iam_role.app-ec2-role"
                    ],
                    "primary": {
                        "id": "app-attach1",
                        "attributes": {
                            "groups.#": "0",
                            "id": "app-attach1",
                            "name": "app-attach1",
                            "policy_arn": "arn:aws:iam::aws:policy/AWSElasticBeanstalkWebTier",
                            "roles.#": "1",
                            "roles.2540483669": "app-ec2-role",
                            "users.#": "0"
                        },
                        "meta": {},
                        "tainted": false
                    },
                    "deposed": [],
                    "provider": "provider.aws"
                },
                "aws_iam_policy_attachment.app-attach2": {
                    "type": "aws_iam_policy_attachment",
                    "depends_on": [
                        "aws_iam_role.app-ec2-role"
                    ],
                    "primary": {
                        "id": "app-attach2",
                        "attributes": {
                            "groups.#": "0",
                            "id": "app-attach2",
                            "name": "app-attach2",
                            "policy_arn": "arn:aws:iam::aws:policy/AWSElasticBeanstalkMulticontainerDocker",
                            "roles.#": "1",
                            "roles.2540483669": "app-ec2-role",
                            "users.#": "0"
                        },
                        "meta": {},
                        "tainted": false
                    },
                    "deposed": [],
                    "provider": "provider.aws"
                },
                "aws_iam_policy_attachment.app-attach3": {
                    "type": "aws_iam_policy_attachment",
                    "depends_on": [
                        "aws_iam_role.app-ec2-role"
                    ],
                    "primary": {
                        "id": "app-attach3",
                        "attributes": {
                            "groups.#": "0",
                            "id": "app-attach3",
                            "name": "app-attach3",
                            "policy_arn": "arn:aws:iam::aws:policy/AWSElasticBeanstalkWorkerTier",
                            "roles.#": "1",
                            "roles.2540483669": "app-ec2-role",
                            "users.#": "0"
                        },
                        "meta": {},
                        "tainted": false
                    },
                    "deposed": [],
                    "provider": "provider.aws"
                },
                "aws_iam_policy_attachment.app-attach4": {
                    "type": "aws_iam_policy_attachment",
                    "depends_on": [
                        "aws_iam_role.elasticbeanstalk-service-role"
                    ],
                    "primary": {
                        "id": "app-attach4",
                        "attributes": {
                            "groups.#": "0",
                            "id": "app-attach4",
                            "name": "app-attach4",
                            "policy_arn": "arn:aws:iam::aws:policy/service-role/AWSElasticBeanstalkEnhancedHealth",
                            "roles.#": "1",
                            "roles.1001045595": "elasticbeanstalk-service-role",
                            "users.#": "0"
                        },
                        "meta": {},
                        "tainted": false
                    },
                    "deposed": [],
                    "provider": "provider.aws"
                },
                "aws_iam_role.app-ec2-role": {
                    "type": "aws_iam_role",
                    "depends_on": [],
                    "primary": {
                        "id": "app-ec2-role",
                        "attributes": {
                            "arn": "arn:aws:iam::383951028483:role/app-ec2-role",
                            "assume_role_policy": "{\"Version\":\"2012-10-17\",\"Statement\":[{\"Sid\":\"\",\"Effect\":\"Allow\",\"Principal\":{\"Service\":\"ec2.amazonaws.com\"},\"Action\":\"sts:AssumeRole\"}]}",
                            "create_date": "2018-01-14T08:06:27Z",
                            "force_detach_policies": "false",
                            "id": "app-ec2-role",
                            "name": "app-ec2-role",
                            "path": "/",
                            "unique_id": "AROAIOGPG454DMXCNYW44"
                        },
                        "meta": {},
                        "tainted": false
                    },
                    "deposed": [],
                    "provider": "provider.aws"
                },
                "aws_iam_role.elasticbeanstalk-service-role": {
                    "type": "aws_iam_role",
                    "depends_on": [],
                    "primary": {
                        "id": "elasticbeanstalk-service-role",
                        "attributes": {
                            "arn": "arn:aws:iam::383951028483:role/elasticbeanstalk-service-role",
                            "assume_role_policy": "{\"Version\":\"2012-10-17\",\"Statement\":[{\"Sid\":\"\",\"Effect\":\"Allow\",\"Principal\":{\"Service\":\"elasticbeanstalk.amazonaws.com\"},\"Action\":\"sts:AssumeRole\"}]}",
                            "create_date": "2018-01-14T08:06:27Z",
                            "force_detach_policies": "false",
                            "id": "elasticbeanstalk-service-role",
                            "name": "elasticbeanstalk-service-role",
                            "path": "/",
                            "unique_id": "AROAJB6SX5SWBUHKPQLI4"
                        },
                        "meta": {},
                        "tainted": false
                    },
                    "deposed": [],
                    "provider": "provider.aws"
                },
                "aws_internet_gateway.main-gw": {
                    "type": "aws_internet_gateway",
                    "depends_on": [
                        "aws_vpc.main"
                    ],
                    "primary": {
                        "id": "igw-59ca683e",
                        "attributes": {
                            "id": "igw-59ca683e",
                            "tags.%": "1",
                            "tags.Name": "main",
                            "vpc_id": "vpc-634aba05"
                        },
                        "meta": {},
                        "tainted": false
                    },
                    "deposed": [],
                    "provider": "provider.aws"
                },
                "aws_nat_gateway.nat-gw": {
                    "type": "aws_nat_gateway",
                    "depends_on": [
                        "aws_eip.nat",
                        "aws_internet_gateway.main-gw",
                        "aws_subnet.main-public-1"
                    ],
                    "primary": {
                        "id": "nat-06f82ed3f7935d827",
                        "attributes": {
                            "allocation_id": "eipalloc-6335e85e",
                            "id": "nat-06f82ed3f7935d827",
                            "network_interface_id": "eni-2174f311",
                            "private_ip": "10.0.1.12",
                            "public_ip": "34.243.7.75",
                            "subnet_id": "subnet-cf11f087",
                            "tags.%": "0"
                        },
                        "meta": {},
                        "tainted": false
                    },
                    "deposed": [],
                    "provider": "provider.aws"
                },
                "aws_route_table.main-private": {
                    "type": "aws_route_table",
                    "depends_on": [
                        "aws_nat_gateway.nat-gw",
                        "aws_vpc.main"
                    ],
                    "primary": {
                        "id": "rtb-51bd8437",
                        "attributes": {
                            "id": "rtb-51bd8437",
                            "propagating_vgws.#": "0",
                            "route.#": "1",
                            "route.2456018291.cidr_block": "0.0.0.0/0",
                            "route.2456018291.egress_only_gateway_id": "",
                            "route.2456018291.gateway_id": "",
                            "route.2456018291.instance_id": "",
                            "route.2456018291.ipv6_cidr_block": "",
                            "route.2456018291.nat_gateway_id": "nat-06f82ed3f7935d827",
                            "route.2456018291.network_interface_id": "",
                            "route.2456018291.vpc_peering_connection_id": "",
                            "tags.%": "1",
                            "tags.Name": "main-private-1",
                            "vpc_id": "vpc-634aba05"
                        },
                        "meta": {},
                        "tainted": false
                    },
                    "deposed": [],
                    "provider": "provider.aws"
                },
                "aws_route_table.main-public": {
                    "type": "aws_route_table",
                    "depends_on": [
                        "aws_internet_gateway.main-gw",
                        "aws_vpc.main"
                    ],
                    "primary": {
                        "id": "rtb-08ba836e",
                        "attributes": {
                            "id": "rtb-08ba836e",
                            "propagating_vgws.#": "0",
                            "route.#": "1",
                            "route.3654728125.cidr_block": "0.0.0.0/0",
                            "route.3654728125.egress_only_gateway_id": "",
                            "route.3654728125.gateway_id": "igw-59ca683e",
                            "route.3654728125.instance_id": "",
                            "route.3654728125.ipv6_cidr_block": "",
                            "route.3654728125.nat_gateway_id": "",
                            "route.3654728125.network_interface_id": "",
                            "route.3654728125.vpc_peering_connection_id": "",
                            "tags.%": "1",
                            "tags.Name": "main-public-1",
                            "vpc_id": "vpc-634aba05"
                        },
                        "meta": {},
                        "tainted": false
                    },
                    "deposed": [],
                    "provider": "provider.aws"
                },
                "aws_route_table_association.main-private-1-a": {
                    "type": "aws_route_table_association",
                    "depends_on": [
                        "aws_route_table.main-private",
                        "aws_subnet.main-private-1"
                    ],
                    "primary": {
                        "id": "rtbassoc-3ac53342",
                        "attributes": {
                            "id": "rtbassoc-3ac53342",
                            "route_table_id": "rtb-51bd8437",
                            "subnet_id": "subnet-220bea6a"
                        },
                        "meta": {},
                        "tainted": false
                    },
                    "deposed": [],
                    "provider": "provider.aws"
                },
                "aws_route_table_association.main-private-2-a": {
                    "type": "aws_route_table_association",
                    "depends_on": [
                        "aws_route_table.main-private",
                        "aws_subnet.main-private-2"
                    ],
                    "primary": {
                        "id": "rtbassoc-e1c63099",
                        "attributes": {
                            "id": "rtbassoc-e1c63099",
                            "route_table_id": "rtb-51bd8437",
                            "subnet_id": "subnet-72efb129"
                        },
                        "meta": {},
                        "tainted": false
                    },
                    "deposed": [],
                    "provider": "provider.aws"
                },
                "aws_route_table_association.main-private-3-a": {
                    "type": "aws_route_table_association",
                    "depends_on": [
                        "aws_route_table.main-private",
                        "aws_subnet.main-private-3"
                    ],
                    "primary": {
                        "id": "rtbassoc-6ed92f16",
                        "attributes": {
                            "id": "rtbassoc-6ed92f16",
                            "route_table_id": "rtb-51bd8437",
                            "subnet_id": "subnet-ae2f32c9"
                        },
                        "meta": {},
                        "tainted": false
                    },
                    "deposed": [],
                    "provider": "provider.aws"
                },
                "aws_route_table_association.main-public-1-a": {
                    "type": "aws_route_table_association",
                    "depends_on": [
                        "aws_route_table.main-public",
                        "aws_subnet.main-public-1"
                    ],
                    "primary": {
                        "id": "rtbassoc-ddd82ea5",
                        "attributes": {
                            "id": "rtbassoc-ddd82ea5",
                            "route_table_id": "rtb-08ba836e",
                            "subnet_id": "subnet-cf11f087"
                        },
                        "meta": {},
                        "tainted": false
                    },
                    "deposed": [],
                    "provider": "provider.aws"
                },
                "aws_route_table_association.main-public-2-a": {
                    "type": "aws_route_table_association",
                    "depends_on": [
                        "aws_route_table.main-public",
                        "aws_subnet.main-public-2"
                    ],
                    "primary": {
                        "id": "rtbassoc-eac53392",
                        "attributes": {
                            "id": "rtbassoc-eac53392",
                            "route_table_id": "rtb-08ba836e",
                            "subnet_id": "subnet-86e6b8dd"
                        },
                        "meta": {},
                        "tainted": false
                    },
                    "deposed": [],
                    "provider": "provider.aws"
                },
                "aws_route_table_association.main-public-3-a": {
                    "type": "aws_route_table_association",
                    "depends_on": [
                        "aws_route_table.main-public",
                        "aws_subnet.main-public-3"
                    ],
                    "primary": {
                        "id": "rtbassoc-bed92fc6",
                        "attributes": {
                            "id": "rtbassoc-bed92fc6",
                            "route_table_id": "rtb-08ba836e",
                            "subnet_id": "subnet-8a2e33ed"
                        },
                        "meta": {},
                        "tainted": false
                    },
                    "deposed": [],
                    "provider": "provider.aws"
                },
                "aws_security_group.app-prod": {
                    "type": "aws_security_group",
                    "depends_on": [
                        "aws_vpc.main"
                    ],
                    "primary": {
                        "id": "sg-864958fd",
                        "attributes": {
                            "description": "App prod security group",
                            "egress.#": "1",
                            "egress.482069346.cidr_blocks.#": "1",
                            "egress.482069346.cidr_blocks.0": "0.0.0.0/0",
                            "egress.482069346.description": "",
                            "egress.482069346.from_port": "0",
                            "egress.482069346.ipv6_cidr_blocks.#": "0",
                            "egress.482069346.prefix_list_ids.#": "0",
                            "egress.482069346.protocol": "-1",
                            "egress.482069346.security_groups.#": "0",
                            "egress.482069346.self": "false",
                            "egress.482069346.to_port": "0",
                            "id": "sg-864958fd",
                            "ingress.#": "0",
                            "name": "app-prod",
                            "owner_id": "383951028483",
                            "revoke_rules_on_delete": "false",
                            "tags.%": "1",
                            "tags.Name": "app-prod",
                            "vpc_id": "vpc-634aba05"
                        },
                        "meta": {
                            "schema_version": "1"
                        },
                        "tainted": false
                    },
                    "deposed": [],
                    "provider": "provider.aws"
                },
                "aws_security_group.rds-app-prod": {
                    "type": "aws_security_group",
                    "depends_on": [
                        "aws_vpc.main"
                    ],
                    "primary": {
                        "id": "sg-335d4c48",
                        "attributes": {
                            "description": "Allow inbound mysql traffic",
                            "egress.#": "1",
                            "egress.482069346.cidr_blocks.#": "1",
                            "egress.482069346.cidr_blocks.0": "0.0.0.0/0",
                            "egress.482069346.description": "",
                            "egress.482069346.from_port": "0",
                            "egress.482069346.ipv6_cidr_blocks.#": "0",
                            "egress.482069346.prefix_list_ids.#": "0",
                            "egress.482069346.protocol": "-1",
                            "egress.482069346.security_groups.#": "0",
                            "egress.482069346.self": "false",
                            "egress.482069346.to_port": "0",
                            "id": "sg-335d4c48",
                            "ingress.#": "1",
                            "ingress.3552546796.cidr_blocks.#": "0",
                            "ingress.3552546796.description": "",
                            "ingress.3552546796.from_port": "3306",
                            "ingress.3552546796.ipv6_cidr_blocks.#": "0",
                            "ingress.3552546796.protocol": "tcp",
                            "ingress.3552546796.security_groups.#": "1",
                            "ingress.3552546796.security_groups.1987472852": "sg-864958fd",
                            "ingress.3552546796.self": "false",
                            "ingress.3552546796.to_port": "3306",
                            "name": "rds-app-prod",
                            "owner_id": "383951028483",
                            "revoke_rules_on_delete": "false",
                            "tags.%": "1",
                            "tags.Name": "rds-app-prod",
                            "vpc_id": "vpc-634aba05"
                        },
                        "meta": {
                            "schema_version": "1"
                        },
                        "tainted": false
                    },
                    "deposed": [],
                    "provider": "provider.aws"
                },
                "aws_security_group_rule.allow-mysql": {
                    "type": "aws_security_group_rule",
                    "depends_on": [
                        "aws_security_group.app-prod",
                        "aws_security_group.rds-app-prod"
                    ],
                    "primary": {
                        "id": "sgrule-675680978",
                        "attributes": {
                            "cidr_blocks.#": "0",
                            "description": "",
                            "from_port": "3306",
                            "id": "sgrule-675680978",
                            "ipv6_cidr_blocks.#": "0",
                            "prefix_list_ids.#": "0",
                            "protocol": "tcp",
                            "security_group_id": "sg-335d4c48",
                            "self": "false",
                            "source_security_group_id": "sg-864958fd",
                            "to_port": "3306",
                            "type": "ingress"
                        },
                        "meta": {
                            "schema_version": "2"
                        },
                        "tainted": false
                    },
                    "deposed": [],
                    "provider": "provider.aws"
                },
                "aws_security_group_rule.allow-outgoing": {
                    "type": "aws_security_group_rule",
                    "depends_on": [
                        "aws_security_group.rds-app-prod"
                    ],
                    "primary": {
                        "id": "sgrule-3493836605",
                        "attributes": {
                            "cidr_blocks.#": "1",
                            "cidr_blocks.0": "0.0.0.0/0",
                            "description": "",
                            "from_port": "0",
                            "id": "sgrule-3493836605",
                            "ipv6_cidr_blocks.#": "0",
                            "prefix_list_ids.#": "0",
                            "protocol": "-1",
                            "security_group_id": "sg-335d4c48",
                            "self": "false",
                            "to_port": "0",
                            "type": "egress"
                        },
                        "meta": {
                            "schema_version": "2"
                        },
                        "tainted": false
                    },
                    "deposed": [],
                    "provider": "provider.aws"
                },
                "aws_subnet.main-private-1": {
                    "type": "aws_subnet",
                    "depends_on": [
                        "aws_vpc.main"
                    ],
                    "primary": {
                        "id": "subnet-220bea6a",
                        "attributes": {
                            "assign_ipv6_address_on_creation": "false",
                            "availability_zone": "eu-west-1a",
                            "cidr_block": "10.0.4.0/24",
                            "id": "subnet-220bea6a",
                            "map_public_ip_on_launch": "false",
                            "tags.%": "1",
                            "tags.Name": "main-private-1",
                            "vpc_id": "vpc-634aba05"
                        },
                        "meta": {
                            "schema_version": "1"
                        },
                        "tainted": false
                    },
                    "deposed": [],
                    "provider": "provider.aws"
                },
                "aws_subnet.main-private-2": {
                    "type": "aws_subnet",
                    "depends_on": [
                        "aws_vpc.main"
                    ],
                    "primary": {
                        "id": "subnet-72efb129",
                        "attributes": {
                            "assign_ipv6_address_on_creation": "false",
                            "availability_zone": "eu-west-1b",
                            "cidr_block": "10.0.5.0/24",
                            "id": "subnet-72efb129",
                            "map_public_ip_on_launch": "false",
                            "tags.%": "1",
                            "tags.Name": "main-private-2",
                            "vpc_id": "vpc-634aba05"
                        },
                        "meta": {
                            "schema_version": "1"
                        },
                        "tainted": false
                    },
                    "deposed": [],
                    "provider": "provider.aws"
                },
                "aws_subnet.main-private-3": {
                    "type": "aws_subnet",
                    "depends_on": [
                        "aws_vpc.main"
                    ],
                    "primary": {
                        "id": "subnet-ae2f32c9",
                        "attributes": {
                            "assign_ipv6_address_on_creation": "false",
                            "availability_zone": "eu-west-1c",
                            "cidr_block": "10.0.6.0/24",
                            "id": "subnet-ae2f32c9",
                            "map_public_ip_on_launch": "false",
                            "tags.%": "1",
                            "tags.Name": "main-private-3",
                            "vpc_id": "vpc-634aba05"
                        },
                        "meta": {
                            "schema_version": "1"
                        },
                        "tainted": false
                    },
                    "deposed": [],
                    "provider": "provider.aws"
                },
                "aws_subnet.main-public-1": {
                    "type": "aws_subnet",
                    "depends_on": [
                        "aws_vpc.main"
                    ],
                    "primary": {
                        "id": "subnet-cf11f087",
                        "attributes": {
                            "assign_ipv6_address_on_creation": "false",
                            "availability_zone": "eu-west-1a",
                            "cidr_block": "10.0.1.0/24",
                            "id": "subnet-cf11f087",
                            "map_public_ip_on_launch": "true",
                            "tags.%": "1",
                            "tags.Name": "main-public-1",
                            "vpc_id": "vpc-634aba05"
                        },
                        "meta": {
                            "schema_version": "1"
                        },
                        "tainted": false
                    },
                    "deposed": [],
                    "provider": "provider.aws"
                },
                "aws_subnet.main-public-2": {
                    "type": "aws_subnet",
                    "depends_on": [
                        "aws_vpc.main"
                    ],
                    "primary": {
                        "id": "subnet-86e6b8dd",
                        "attributes": {
                            "assign_ipv6_address_on_creation": "false",
                            "availability_zone": "eu-west-1b",
                            "cidr_block": "10.0.2.0/24",
                            "id": "subnet-86e6b8dd",
                            "map_public_ip_on_launch": "true",
                            "tags.%": "1",
                            "tags.Name": "main-public-2",
                            "vpc_id": "vpc-634aba05"
                        },
                        "meta": {
                            "schema_version": "1"
                        },
                        "tainted": false
                    },
                    "deposed": [],
                    "provider": "provider.aws"
                },
                "aws_subnet.main-public-3": {
                    "type": "aws_subnet",
                    "depends_on": [
                        "aws_vpc.main"
                    ],
                    "primary": {
                        "id": "subnet-8a2e33ed",
                        "attributes": {
                            "assign_ipv6_address_on_creation": "false",
                            "availability_zone": "eu-west-1c",
                            "cidr_block": "10.0.3.0/24",
                            "id": "subnet-8a2e33ed",
                            "map_public_ip_on_launch": "true",
                            "tags.%": "1",
                            "tags.Name": "main-public-3",
                            "vpc_id": "vpc-634aba05"
                        },
                        "meta": {
                            "schema_version": "1"
                        },
                        "tainted": false
                    },
                    "deposed": [],
                    "provider": "provider.aws"
                },
                "aws_vpc.main": {
                    "type": "aws_vpc",
                    "depends_on": [],
                    "primary": {
                        "id": "vpc-634aba05",
                        "attributes": {
                            "assign_generated_ipv6_cidr_block": "false",
                            "cidr_block": "10.0.0.0/16",
                            "default_network_acl_id": "acl-a96005cf",
                            "default_route_table_id": "rtb-f0bd8496",
                            "default_security_group_id": "sg-cf4756b4",
                            "dhcp_options_id": "dopt-f69ac791",
                            "enable_classiclink": "false",
                            "enable_classiclink_dns_support": "false",
                            "enable_dns_hostnames": "true",
                            "enable_dns_support": "true",
                            "id": "vpc-634aba05",
                            "instance_tenancy": "default",
                            "main_route_table_id": "rtb-f0bd8496",
                            "tags.%": "1",
                            "tags.Name": "main"
                        },
                        "meta": {
                            "schema_version": "1"
                        },
                        "tainted": false
                    },
                    "deposed": [],
                    "provider": "provider.aws"
                }
            },
            "depends_on": []
        }
    ]
}
